// !$*UTF8*$!
{
	archiveVersion = 1;
	classes = {
	};
	objectVersion = 46;
	objects = {

/* Begin PBXBuildFile section */
		691274A21B5BD00500E898B7 /* AppDelegate.swift in Sources */ = {isa = PBXBuildFile; fileRef = 691274A11B5BD00500E898B7 /* AppDelegate.swift */; };
		691274A41B5BD00500E898B7 /* ViewController.swift in Sources */ = {isa = PBXBuildFile; fileRef = 691274A31B5BD00500E898B7 /* ViewController.swift */; };
		691274A71B5BD00500E898B7 /* Main.storyboard in Resources */ = {isa = PBXBuildFile; fileRef = 691274A51B5BD00500E898B7 /* Main.storyboard */; };
		691274A91B5BD00500E898B7 /* Images.xcassets in Resources */ = {isa = PBXBuildFile; fileRef = 691274A81B5BD00500E898B7 /* Images.xcassets */; };
		691274AC1B5BD00500E898B7 /* LaunchScreen.xib in Resources */ = {isa = PBXBuildFile; fileRef = 691274AA1B5BD00500E898B7 /* LaunchScreen.xib */; };
		691274B81B5BD00500E898B7 /* wildlifeQuizTests.swift in Sources */ = {isa = PBXBuildFile; fileRef = 691274B71B5BD00500E898B7 /* wildlifeQuizTests.swift */; };
		691274CB1B5BD08800E898B7 /* incorrect button.jpg in Resources */ = {isa = PBXBuildFile; fileRef = 691274C11B5BD08800E898B7 /* incorrect button.jpg */; };
		691274CC1B5BD08800E898B7 /* a274185146ff83ac2a6e78b3208b1789.jpg in Resources */ = {isa = PBXBuildFile; fileRef = 691274C21B5BD08800E898B7 /* a274185146ff83ac2a6e78b3208b1789.jpg */; };
		691274CD1B5BD08800E898B7 /* be5c2cef12b667b6bda8624aceed55b2.jpg in Resources */ = {isa = PBXBuildFile; fileRef = 691274C31B5BD08800E898B7 /* be5c2cef12b667b6bda8624aceed55b2.jpg */; };
		691274CE1B5BD08800E898B7 /* Button-Blank-Red-icon.png in Resources */ = {isa = PBXBuildFile; fileRef = 691274C41B5BD08800E898B7 /* Button-Blank-Red-icon.png */; };
		691274CF1B5BD08800E898B7 /* Button-Next-icon.png in Resources */ = {isa = PBXBuildFile; fileRef = 691274C51B5BD08800E898B7 /* Button-Next-icon.png */; };
		691274D01B5BD08800E898B7 /* images-3.jpeg in Resources */ = {isa = PBXBuildFile; fileRef = 691274C61B5BD08800E898B7 /* images-3.jpeg */; };
		691274D11B5BD08800E898B7 /* next-button-4183406.jpg in Resources */ = {isa = PBXBuildFile; fileRef = 691274C71B5BD08800E898B7 /* next-button-4183406.jpg */; };
		691274D21B5BD08800E898B7 /* correct button.jpg in Resources */ = {isa = PBXBuildFile; fileRef = 691274C81B5BD08800E898B7 /* correct button.jpg */; };
		691274D31B5BD08800E898B7 /* unnamed.png in Resources */ = {isa = PBXBuildFile; fileRef = 691274C91B5BD08800E898B7 /* unnamed.png */; };
		691274D41B5BD08800E898B7 /* Xbox360_B.png in Resources */ = {isa = PBXBuildFile; fileRef = 691274CA1B5BD08800E898B7 /* Xbox360_B.png */; };
		691274D61B5BD64200E898B7 /* next button orange.png in Resources */ = {isa = PBXBuildFile; fileRef = 691274D51B5BD64200E898B7 /* next button orange.png */; };
		691274D81B5C390900E898B7 /* polar-bear.jpg in Resources */ = {isa = PBXBuildFile; fileRef = 691274D71B5C390900E898B7 /* polar-bear.jpg */; };
		691274DA1B5C3E9D00E898B7 /* SecondViewController.swift in Sources */ = {isa = PBXBuildFile; fileRef = 691274D91B5C3E9D00E898B7 /* SecondViewController.swift */; };
		69895A0B1B5D039800A1A47C /* ThirdViewController.swift in Sources */ = {isa = PBXBuildFile; fileRef = 69895A0A1B5D039800A1A47C /* ThirdViewController.swift */; };
/* End PBXBuildFile section */

/* Begin PBXContainerItemProxy section */
		691274B21B5BD00500E898B7 /* PBXContainerItemProxy */ = {
			isa = PBXContainerItemProxy;
			containerPortal = 691274941B5BD00500E898B7 /* Project object */;
			proxyType = 1;
			remoteGlobalIDString = 6912749B1B5BD00500E898B7;
			remoteInfo = wildlifeQuiz;
		};
/* End PBXContainerItemProxy section */

/* Begin PBXFileReference section */
		6912749C1B5BD00500E898B7 /* wildlifeQuiz.app */ = {isa = PBXFileReference; explicitFileType = wrapper.application; includeInIndex = 0; path = wildlifeQuiz.app; sourceTree = BUILT_PRODUCTS_DIR; };
		691274A01B5BD00500E898B7 /* Info.plist */ = {isa = PBXFileReference; lastKnownFileType = text.plist.xml; path = Info.plist; sourceTree = "<group>"; };
		691274A11B5BD00500E898B7 /* AppDelegate.swift */ = {isa = PBXFileReference; lastKnownFileType = sourcecode.swift; path = AppDelegate.swift; sourceTree = "<group>"; };
		691274A31B5BD00500E898B7 /* ViewController.swift */ = {isa = PBXFileReference; lastKnownFileType = sourcecode.swift; path = ViewController.swift; sourceTree = "<group>"; };
		691274A61B5BD00500E898B7 /* Base */ = {isa = PBXFileReference; lastKnownFileType = file.storyboard; name = Base; path = Base.lproj/Main.storyboard; sourceTree = "<group>"; };
		691274A81B5BD00500E898B7 /* Images.xcassets */ = {isa = PBXFileReference; lastKnownFileType = folder.assetcatalog; path = Images.xcassets; sourceTree = "<group>"; };
		691274AB1B5BD00500E898B7 /* Base */ = {isa = PBXFileReference; lastKnownFileType = file.xib; name = Base; path = Base.lproj/LaunchScreen.xib; sourceTree = "<group>"; };
		691274B11B5BD00500E898B7 /* wildlifeQuizTests.xctest */ = {isa = PBXFileReference; explicitFileType = wrapper.cfbundle; includeInIndex = 0; path = wildlifeQuizTests.xctest; sourceTree = BUILT_PRODUCTS_DIR; };
		691274B61B5BD00500E898B7 /* Info.plist */ = {isa = PBXFileReference; lastKnownFileType = text.plist.xml; path = Info.plist; sourceTree = "<group>"; };
		691274B71B5BD00500E898B7 /* wildlifeQuizTests.swift */ = {isa = PBXFileReference; lastKnownFileType = sourcecode.swift; path = wildlifeQuizTests.swift; sourceTree = "<group>"; };
		691274C11B5BD08800E898B7 /* incorrect button.jpg */ = {isa = PBXFileReference; lastKnownFileType = image.jpeg; name = "incorrect button.jpg"; path = "../incorrect button.jpg"; sourceTree = "<group>"; };
		691274C21B5BD08800E898B7 /* a274185146ff83ac2a6e78b3208b1789.jpg */ = {isa = PBXFileReference; lastKnownFileType = image.jpeg; path = a274185146ff83ac2a6e78b3208b1789.jpg; sourceTree = "<group>"; };
		691274C31B5BD08800E898B7 /* be5c2cef12b667b6bda8624aceed55b2.jpg */ = {isa = PBXFileReference; lastKnownFileType = image.jpeg; path = be5c2cef12b667b6bda8624aceed55b2.jpg; sourceTree = "<group>"; };
		691274C41B5BD08800E898B7 /* Button-Blank-Red-icon.png */ = {isa = PBXFileReference; lastKnownFileType = image.png; path = "Button-Blank-Red-icon.png"; sourceTree = "<group>"; };
		691274C51B5BD08800E898B7 /* Button-Next-icon.png */ = {isa = PBXFileReference; lastKnownFileType = image.png; path = "Button-Next-icon.png"; sourceTree = "<group>"; };
		691274C61B5BD08800E898B7 /* images-3.jpeg */ = {isa = PBXFileReference; lastKnownFileType = image.jpeg; path = "images-3.jpeg"; sourceTree = "<group>"; };
		691274C71B5BD08800E898B7 /* next-button-4183406.jpg */ = {isa = PBXFileReference; lastKnownFileType = image.jpeg; path = "next-button-4183406.jpg"; sourceTree = "<group>"; };
		691274C81B5BD08800E898B7 /* correct button.jpg */ = {isa = PBXFileReference; lastKnownFileType = image.jpeg; path = "correct button.jpg"; sourceTree = "<group>"; };
		691274C91B5BD08800E898B7 /* unnamed.png */ = {isa = PBXFileReference; lastKnownFileType = image.png; path = unnamed.png; sourceTree = "<group>"; };
		691274CA1B5BD08800E898B7 /* Xbox360_B.png */ = {isa = PBXFileReference; lastKnownFileType = image.png; path = Xbox360_B.png; sourceTree = "<group>"; };
		691274D51B5BD64200E898B7 /* next button orange.png */ = {isa = PBXFileReference; lastKnownFileType = image.png; path = "next button orange.png"; sourceTree = "<group>"; };
		691274D71B5C390900E898B7 /* polar-bear.jpg */ = {isa = PBXFileReference; lastKnownFileType = image.jpeg; path = "polar-bear.jpg"; sourceTree = "<group>"; };
		691274D91B5C3E9D00E898B7 /* SecondViewController.swift */ = {isa = PBXFileReference; fileEncoding = 4; lastKnownFileType = sourcecode.swift; path = SecondViewController.swift; sourceTree = "<group>"; };
		69895A0A1B5D039800A1A47C /* ThirdViewController.swift */ = {isa = PBXFileReference; fileEncoding = 4; lastKnownFileType = sourcecode.swift; path = ThirdViewController.swift; sourceTree = "<group>"; };
/* End PBXFileReference section */

/* Begin PBXFrameworksBuildPhase section */
		691274991B5BD00500E898B7 /* Frameworks */ = {
			isa = PBXFrameworksBuildPhase;
			buildActionMask = 2147483647;
			files = (
			);
			runOnlyForDeploymentPostprocessing = 0;
		};
		691274AE1B5BD00500E898B7 /* Frameworks */ = {
			isa = PBXFrameworksBuildPhase;
			buildActionMask = 2147483647;
			files = (
			);
			runOnlyForDeploymentPostprocessing = 0;
		};
/* End PBXFrameworksBuildPhase section */

/* Begin PBXGroup section */
		691274931B5BD00500E898B7 = {
			isa = PBXGroup;
			children = (
				691274B41B5BD00500E898B7 /* wildlifeQuizTests */,
				6912749E1B5BD00500E898B7 /* wildlifeQuiz */,
				691274C21B5BD08800E898B7 /* a274185146ff83ac2a6e78b3208b1789.jpg */,
				691274C31B5BD08800E898B7 /* be5c2cef12b667b6bda8624aceed55b2.jpg */,
				691274C41B5BD08800E898B7 /* Button-Blank-Red-icon.png */,
				691274C51B5BD08800E898B7 /* Button-Next-icon.png */,
				691274D51B5BD64200E898B7 /* next button orange.png */,
				691274C61B5BD08800E898B7 /* images-3.jpeg */,
				691274C71B5BD08800E898B7 /* next-button-4183406.jpg */,
				691274C81B5BD08800E898B7 /* correct button.jpg */,
				691274C91B5BD08800E898B7 /* unnamed.png */,
				691274CA1B5BD08800E898B7 /* Xbox360_B.png */,
			);
			sourceTree = "<group>";
		};
		6912749D1B5BD00500E898B7 /* Products */ = {
			isa = PBXGroup;
			children = (
				6912749C1B5BD00500E898B7 /* wildlifeQuiz.app */,
				691274B11B5BD00500E898B7 /* wildlifeQuizTests.xctest */,
			);
			name = Products;
			path = ..;
			sourceTree = "<group>";
		};
		6912749E1B5BD00500E898B7 /* wildlifeQuiz */ = {
			isa = PBXGroup;
			children = (
				6912749F1B5BD00500E898B7 /* Supporting Files */,
				691274A11B5BD00500E898B7 /* AppDelegate.swift */,
				691274A31B5BD00500E898B7 /* ViewController.swift */,
				691274D91B5C3E9D00E898B7 /* SecondViewController.swift */,
				691274A51B5BD00500E898B7 /* Main.storyboard */,
				69895A0A1B5D039800A1A47C /* ThirdViewController.swift */,
				691274A81B5BD00500E898B7 /* Images.xcassets */,
				691274C11B5BD08800E898B7 /* incorrect button.jpg */,
				691274D71B5C390900E898B7 /* polar-bear.jpg */,
			);
			path = wildlifeQuiz;
			sourceTree = "<group>";
		};
		6912749F1B5BD00500E898B7 /* Supporting Files */ = {
			isa = PBXGroup;
			children = (
				691274AA1B5BD00500E898B7 /* LaunchScreen.xib */,
				691274A01B5BD00500E898B7 /* Info.plist */,
			);
			name = "Supporting Files";
			sourceTree = "<group>";
		};
		691274B41B5BD00500E898B7 /* wildlifeQuizTests */ = {
			isa = PBXGroup;
			children = (
				6912749D1B5BD00500E898B7 /* Products */,
				691274B71B5BD00500E898B7 /* wildlifeQuizTests.swift */,
				691274B51B5BD00500E898B7 /* Supporting Files */,
			);
			path = wildlifeQuizTests;
			sourceTree = "<group>";
		};
		691274B51B5BD00500E898B7 /* Supporting Files */ = {
			isa = PBXGroup;
			children = (
				691274B61B5BD00500E898B7 /* Info.plist */,
			);
			name = "Supporting Files";
			sourceTree = "<group>";
		};
/* End PBXGroup section */

/* Begin PBXNativeTarget section */
		6912749B1B5BD00500E898B7 /* wildlifeQuiz */ = {
			isa = PBXNativeTarget;
			buildConfigurationList = 691274BB1B5BD00500E898B7 /* Build configuration list for PBXNativeTarget "wildlifeQuiz" */;
			buildPhases = (
				691274981B5BD00500E898B7 /* Sources */,
				691274991B5BD00500E898B7 /* Frameworks */,
				6912749A1B5BD00500E898B7 /* Resources */,
			);
			buildRules = (
			);
			dependencies = (
			);
			name = wildlifeQuiz;
			productName = wildlifeQuiz;
			productReference = 6912749C1B5BD00500E898B7 /* wildlifeQuiz.app */;
			productType = "com.apple.product-type.application";
		};
		691274B01B5BD00500E898B7 /* wildlifeQuizTests */ = {
			isa = PBXNativeTarget;
			buildConfigurationList = 691274BE1B5BD00500E898B7 /* Build configuration list for PBXNativeTarget "wildlifeQuizTests" */;
			buildPhases = (
				691274AD1B5BD00500E898B7 /* Sources */,
				691274AE1B5BD00500E898B7 /* Frameworks */,
				691274AF1B5BD00500E898B7 /* Resources */,
			);
			buildRules = (
			);
			dependencies = (
				691274B31B5BD00500E898B7 /* PBXTargetDependency */,
			);
			name = wildlifeQuizTests;
			productName = wildlifeQuizTests;
			productReference = 691274B11B5BD00500E898B7 /* wildlifeQuizTests.xctest */;
			productType = "com.apple.product-type.bundle.unit-test";
		};
/* End PBXNativeTarget section */

/* Begin PBXProject section */
		691274941B5BD00500E898B7 /* Project object */ = {
			isa = PBXProject;
			attributes = {
				LastUpgradeCheck = 0640;
				ORGANIZATIONNAME = "Matthew Clarke";
				TargetAttributes = {
					6912749B1B5BD00500E898B7 = {
						CreatedOnToolsVersion = 6.4;
					};
					691274B01B5BD00500E898B7 = {
						CreatedOnToolsVersion = 6.4;
						TestTargetID = 6912749B1B5BD00500E898B7;
					};
				};
			};
			buildConfigurationList = 691274971B5BD00500E898B7 /* Build configuration list for PBXProject "wildlifeQuiz" */;
			compatibilityVersion = "Xcode 3.2";
			developmentRegion = English;
			hasScannedForEncodings = 0;
			knownRegions = (
				en,
				Base,
			);
			mainGroup = 691274931B5BD00500E898B7;
			productRefGroup = 6912749D1B5BD00500E898B7 /* Products */;
			projectDirPath = "";
			projectRoot = "";
			targets = (
				6912749B1B5BD00500E898B7 /* wildlifeQuiz */,
				691274B01B5BD00500E898B7 /* wildlifeQuizTests */,
			);
		};
/* End PBXProject section */

/* Begin PBXResourcesBuildPhase section */
		6912749A1B5BD00500E898B7 /* Resources */ = {
			isa = PBXResourcesBuildPhase;
			buildActionMask = 2147483647;
			files = (
				691274D61B5BD64200E898B7 /* next button orange.png in Resources */,
				691274CC1B5BD08800E898B7 /* a274185146ff83ac2a6e78b3208b1789.jpg in Resources */,
				691274D11B5BD08800E898B7 /* next-button-4183406.jpg in Resources */,
				691274D31B5BD08800E898B7 /* unnamed.png in Resources */,
				691274D01B5BD08800E898B7 /* images-3.jpeg in Resources */,
				691274CD1B5BD08800E898B7 /* be5c2cef12b667b6bda8624aceed55b2.jpg in Resources */,
				691274CE1B5BD08800E898B7 /* Button-Blank-Red-icon.png in Resources */,
				691274A71B5BD00500E898B7 /* Main.storyboard in Resources */,
				691274D41B5BD08800E898B7 /* Xbox360_B.png in Resources */,
				691274D21B5BD08800E898B7 /* correct button.jpg in Resources */,
				691274D81B5C390900E898B7 /* polar-bear.jpg in Resources */,
				691274AC1B5BD00500E898B7 /* LaunchScreen.xib in Resources */,
				691274CF1B5BD08800E898B7 /* Button-Next-icon.png in Resources */,
				691274A91B5BD00500E898B7 /* Images.xcassets in Resources */,
				691274CB1B5BD08800E898B7 /* incorrect button.jpg in Resources */,
			);
			runOnlyForDeploymentPostprocessing = 0;
		};
		691274AF1B5BD00500E898B7 /* Resources */ = {
			isa = PBXResourcesBuildPhase;
			buildActionMask = 2147483647;
			files = (
			);
			runOnlyForDeploymentPostprocessing = 0;
		};
/* End PBXResourcesBuildPhase section */

/* Begin PBXSourcesBuildPhase section */
		691274981B5BD00500E898B7 /* Sources */ = {
			isa = PBXSourcesBuildPhase;
			buildActionMask = 2147483647;
			files = (
				691274DA1B5C3E9D00E898B7 /* SecondViewController.swift in Sources */,
				691274A41B5BD00500E898B7 /* ViewController.swift in Sources */,
				69895A0B1B5D039800A1A47C /* ThirdViewController.swift in Sources */,
				691274A21B5BD00500E898B7 /* AppDelegate.swift in Sources */,
			);
			runOnlyForDeploymentPostprocessing = 0;
		};
		691274AD1B5BD00500E898B7 /* Sources */ = {
			isa = PBXSourcesBuildPhase;
			buildActionMask = 2147483647;
			files = (
				691274B81B5BD00500E898B7 /* wildlifeQuizTests.swift in Sources */,
			);
			runOnlyForDeploymentPostprocessing = 0;
		};
/* End PBXSourcesBuildPhase section */

/* Begin PBXTargetDependency section */
		691274B31B5BD00500E898B7 /* PBXTargetDependency */ = {
			isa = PBXTargetDependency;
			target = 6912749B1B5BD00500E898B7 /* wildlifeQuiz */;
			targetProxy = 691274B21B5BD00500E898B7 /* PBXContainerItemProxy */;
		};
/* End PBXTargetDependency section */

/* Begin PBXVariantGroup section */
		691274A51B5BD00500E898B7 /* Main.storyboard */ = {
			isa = PBXVariantGroup;
			children = (
				691274A61B5BD00500E898B7 /* Base */,
			);
			name = Main.storyboard;
			sourceTree = "<group>";
		};
		691274AA1B5BD00500E898B7 /* LaunchScreen.xib */ = {
			isa = PBXVariantGroup;
			children = (
				691274AB1B5BD00500E898B7 /* Base */,
			);
			name = LaunchScreen.xib;
			sourceTree = "<group>";
		};
/* End PBXVariantGroup section */

/* Begin XCBuildConfiguration section */
		691274B91B5BD00500E898B7 /* Debug */ = {
			isa = XCBuildConfiguration;
			buildSettings = {
				ALWAYS_SEARCH_USER_PATHS = NO;
				CLANG_CXX_LANGUAGE_STANDARD = "gnu++0x";
				CLANG_CXX_LIBRARY = "libc++";
				CLANG_ENABLE_MODULES = YES;
				CLANG_ENABLE_OBJC_ARC = YES;
				CLANG_WARN_BOOL_CONVERSION = YES;
				CLANG_WARN_CONSTANT_CONVERSION = YES;
				CLANG_WARN_DIRECT_OBJC_ISA_USAGE = YES_ERROR;
				CLANG_WARN_EMPTY_BODY = YES;
				CLANG_WARN_ENUM_CONVERSION = YES;
				CLANG_WARN_INT_CONVERSION = YES;
				CLANG_WARN_OBJC_ROOT_CLASS = YES_ERROR;
				CLANG_WARN_UNREACHABLE_CODE = YES;
				CLANG_WARN__DUPLICATE_METHOD_MATCH = YES;
				"CODE_SIGN_IDENTITY[sdk=iphoneos*]" = "iPhone Developer";
				COPY_PHASE_STRIP = NO;
				DEBUG_INFORMATION_FORMAT = "dwarf-with-dsym";
				ENABLE_STRICT_OBJC_MSGSEND = YES;
				GCC_C_LANGUAGE_STANDARD = gnu99;
				GCC_DYNAMIC_NO_PIC = NO;
				GCC_NO_COMMON_BLOCKS = YES;
				GCC_OPTIMIZATION_LEVEL = 0;
				GCC_PREPROCESSOR_DEFINITIONS = (
					"DEBUG=1",
					"$(inherited)",
				);
				GCC_SYMBOLS_PRIVATE_EXTERN = NO;
				GCC_WARN_64_TO_32_BIT_CONVERSION = YES;
				GCC_WARN_ABOUT_RETURN_TYPE = YES_ERROR;
				GCC_WARN_UNDECLARED_SELECTOR = YES;
				GCC_WARN_UNINITIALIZED_AUTOS = YES_AGGRESSIVE;
				GCC_WARN_UNUSED_FUNCTION = YES;
				GCC_WARN_UNUSED_VARIABLE = YES;
				IPHONEOS_DEPLOYMENT_TARGET = 8.4;
				MTL_ENABLE_DEBUG_INFO = YES;
				ONLY_ACTIVE_ARCH = YES;
				SDKROOT = iphoneos;
				SWIFT_OPTIMIZATION_LEVEL = "-Onone";
				TARGETED_DEVICE_FAMILY = "1,2";
			};
			name = Debug;
		};
		691274BA1B5BD00500E898B7 /* Release */ = {
			isa = XCBuildConfiguration;
			buildSettings = {
				ALWAYS_SEARCH_USER_PATHS = NO;
				CLANG_CXX_LANGUAGE_STANDARD = "gnu++0x";
				CLANG_CXX_LIBRARY = "libc++";
				CLANG_ENABLE_MODULES = YES;
				CLANG_ENABLE_OBJC_ARC = YES;
				CLANG_WARN_BOOL_CONVERSION = YES;
				CLANG_WARN_CONSTANT_CONVERSION = YES;
				CLANG_WARN_DIRECT_OBJC_ISA_USAGE = YES_ERROR;
				CLANG_WARN_EMPTY_BODY = YES;
				CLANG_WARN_ENUM_CONVERSION = YES;
				CLANG_WARN_INT_CONVERSION = YES;
				CLANG_WARN_OBJC_ROOT_CLASS = YES_ERROR;
				CLANG_WARN_UNREACHABLE_CODE = YES;
				CLANG_WARN__DUPLICATE_METHOD_MATCH = YES;
				"CODE_SIGN_IDENTITY[sdk=iphoneos*]" = "iPhone Developer";
				COPY_PHASE_STRIP = NO;
				DEBUG_INFORMATION_FORMAT = "dwarf-with-dsym";
				ENABLE_NS_ASSERTIONS = NO;
				ENABLE_STRICT_OBJC_MSGSEND = YES;
				GCC_C_LANGUAGE_STANDARD = gnu99;
				GCC_NO_COMMON_BLOCKS = YES;
				GCC_WARN_64_TO_32_BIT_CONVERSION = YES;
				GCC_WARN_ABOUT_RETURN_TYPE = YES_ERROR;
				GCC_WARN_UNDECLARED_SELECTOR = YES;
				GCC_WARN_UNINITIALIZED_AUTOS = YES_AGGRESSIVE;
				GCC_WARN_UNUSED_FUNCTION = YES;
				GCC_WARN_UNUSED_VARIABLE = YES;
				IPHONEOS_DEPLOYMENT_TARGET = 8.4;
				MTL_ENABLE_DEBUG_INFO = NO;
				SDKROOT = iphoneos;
				TARGETED_DEVICE_FAMILY = "1,2";
				VALIDATE_PRODUCT = YES;
			};
			name = Release;
		};
		691274BC1B5BD00500E898B7 /* Debug */ = {
			isa = XCBuildConfiguration;
			buildSettings = {
				ASSETCATALOG_COMPILER_APPICON_NAME = AppIcon;
				INFOPLIST_FILE = wildlifeQuiz/Info.plist;
				LD_RUNPATH_SEARCH_PATHS = "$(inherited) @executable_path/Frameworks";
				PRODUCT_NAME = "$(TARGET_NAME)";
			};
			name = Debug;
		};
		691274BD1B5BD00500E898B7 /* Release */ = {
			isa = XCBuildConfiguration;
			buildSettings = {
				ASSETCATALOG_COMPILER_APPICON_NAME = AppIcon;
				INFOPLIST_FILE = wildlifeQuiz/Info.plist;
				LD_RUNPATH_SEARCH_PATHS = "$(inherited) @executable_path/Frameworks";
				PRODUCT_NAME = "$(TARGET_NAME)";
			};
			name = Release;
		};
		691274BF1B5BD00500E898B7 /* Debug */ = {
			isa = XCBuildConfiguration;
			buildSettings = {
				BUNDLE_LOADER = "$(TEST_HOST)";
				FRAMEWORK_SEARCH_PATHS = (
					"$(SDKROOT)/Developer/Library/Frameworks",
					"$(inherited)",
				);
				GCC_PREPROCESSOR_DEFINITIONS = (
					"DEBUG=1",
					"$(inherited)",
				);
				INFOPLIST_FILE = wildlifeQuizTests/Info.plist;
				LD_RUNPATH_SEARCH_PATHS = "$(inherited) @executable_path/Frameworks @loader_path/Frameworks";
				PRODUCT_NAME = "$(TARGET_NAME)";
				TEST_HOST = "$(BUILT_PRODUCTS_DIR)/wildlifeQuiz.app/wildlifeQuiz";
			};
			name = Debug;
		};
		691274C01B5BD00500E898B7 /* Release */ = {
			isa = XCBuildConfiguration;
			buildSettings = {
				BUNDLE_LOADER = "$(TEST_HOST)";
				FRAMEWORK_SEARCH_PATHS = (
					"$(SDKROOT)/Developer/Library/Frameworks",
					"$(inherited)",
				);
				INFOPLIST_FILE = wildlifeQuizTests/Info.plist;
				LD_RUNPATH_SEARCH_PATHS = "$(inherited) @executable_path/Frameworks @loader_path/Frameworks";
				PRODUCT_NAME = "$(TARGET_NAME)";
				TEST_HOST = "$(BUILT_PRODUCTS_DIR)/wildlifeQuiz.app/wildlifeQuiz";
			};
			name = Release;
		};
/* End XCBuildConfiguration section */

/* Begin XCConfigurationList section */
		691274971B5BD00500E898B7 /* Build configuration list for PBXProject "wildlifeQuiz" */ = {
			isa = XCConfigurationList;
			buildConfigurations = (
				691274B91B5BD00500E898B7 /* Debug */,
				691274BA1B5BD00500E898B7 /* Release */,
			);
			defaultConfigurationIsVisible = 0;
			defaultConfigurationName = Release;
		};
		691274BB1B5BD00500E898B7 /* Build configuration list for PBXNativeTarget "wildlifeQuiz" */ = {
			isa = XCConfigurationList;
			buildConfigurations = (
				691274BC1B5BD00500E898B7 /* Debug */,
				691274BD1B5BD00500E898B7 /* Release */,
			);
			defaultConfigurationIsVisible = 0;
			defaultConfigurationName = Release;
		};
		691274BE1B5BD00500E898B7 /* Build configuration list for PBXNativeTarget "wildlifeQuizTests" */ = {
			isa = XCConfigurationList;
			buildConfigurations = (
				691274BF1B5BD00500E898B7 /* Debug */,
				691274C01B5BD00500E898B7 /* Release */,
			);
			defaultConfigurationIsVisible = 0;
			defaultConfigurationName = Release;
		};
/* End XCConfigurationList section */
	};
	rootObject = 691274941B5BD00500E898B7 /* Project object */;
}
